
Microsoft Visual Studio Solution File, Format Version 12.00
# Visual Studio Version 17
VisualStudioVersion = 17.3.32811.315
MinimumVisualStudioVersion = 10.0.40219.1
Project("{FAE04EC0-301F-11D3-BF4B-00C04F79EFBC}") = "ProductAPI", "ProductAPI\ProductAPI.csproj", "{363B70A2-8E91-4719-9DAE-DA76449A97F5}"
EndProject
Global
	GlobalSection(SolutionConfigurationPlatforms) = preSolution
		Debug|Any CPU = Debug|Any CPU
		Release|Any CPU = Release|Any CPU
	EndGlobalSection
	GlobalSection(ProjectConfigurationPlatforms) = postSolution
		{363B70A2-8E91-4719-9DAE-DA76449A97F5}.Debug|Any CPU.ActiveCfg = Debug|Any CPU
		{363B70A2-8E91-4719-9DAE-DA76449A97F5}.Debug|Any CPU.Build.0 = Debug|Any CPU
		{363B70A2-8E91-4719-9DAE-DA76449A97F5}.Release|Any CPU.ActiveCfg = Release|Any CPU
		{363B70A2-8E91-4719-9DAE-DA76449A97F5}.Release|Any CPU.Build.0 = Release|Any CPU
	EndGlobalSection
	GlobalSection(SolutionProperties) = preSolution
		HideSolutionNode = FALSE
	EndGlobalSection
	GlobalSection(ExtensibilityGlobals) = postSolution
		SolutionGuid = {7A70F56A-1C2D-4AEB-B9BC-A78CAF4DBCB3}
	EndGlobalSection
EndGlobal
